
Microsoft Visual Studio Solution File, Format Version 12.00
# Visual Studio 2013
VisualStudioVersion = 12.0.31101.0
MinimumVisualStudioVersion = 10.0.40219.1
Project("{FAE04EC0-301F-11D3-BF4B-00C04F79EFBC}") = "mk.ValueObject", "mk.ValueObject\mk.ValueObject.csproj", "{2E3F1626-2C4A-4693-B909-3D8EA8008D97}"
EndProject
Project("{FAE04EC0-301F-11D3-BF4B-00C04F79EFBC}") = "mk.ValueObject.Tests", "mk.ValueObject.Tests\mk.ValueObject.Tests.csproj", "{EF8CB603-881A-4813-BF06-FC54683474AA}"
EndProject
Global
	GlobalSection(SolutionConfigurationPlatforms) = preSolution
		Debug|Any CPU = Debug|Any CPU
		Release|Any CPU = Release|Any CPU
	EndGlobalSection
	GlobalSection(ProjectConfigurationPlatforms) = postSolution
		{2E3F1626-2C4A-4693-B909-3D8EA8008D97}.Debug|Any CPU.ActiveCfg = Debug|Any CPU
		{2E3F1626-2C4A-4693-B909-3D8EA8008D97}.Debug|Any CPU.Build.0 = Debug|Any CPU
		{2E3F1626-2C4A-4693-B909-3D8EA8008D97}.Release|Any CPU.ActiveCfg = Release|Any CPU
		{2E3F1626-2C4A-4693-B909-3D8EA8008D97}.Release|Any CPU.Build.0 = Release|Any CPU
		{EF8CB603-881A-4813-BF06-FC54683474AA}.Debug|Any CPU.ActiveCfg = Debug|Any CPU
		{EF8CB603-881A-4813-BF06-FC54683474AA}.Debug|Any CPU.Build.0 = Debug|Any CPU
		{EF8CB603-881A-4813-BF06-FC54683474AA}.Release|Any CPU.ActiveCfg = Release|Any CPU
		{EF8CB603-881A-4813-BF06-FC54683474AA}.Release|Any CPU.Build.0 = Release|Any CPU
	EndGlobalSection
	GlobalSection(SolutionProperties) = preSolution
		HideSolutionNode = FALSE
	EndGlobalSection
EndGlobal
